
Microsoft Visual Studio Solution File, Format Version 12.00
# Visual Studio 15
VisualStudioVersion = 15.0.27004.2009
MinimumVisualStudioVersion = 15.0.26124.0
Project("{2150E333-8FDC-42A3-9474-1A3956D46DE8}") = "src", "src", "{B9E054F5-3EED-4BD8-976B-BDEC731F4F8A}"
EndProject
Project("{9A19103F-16F7-4668-BE54-9A1E7A4F7556}") = "OidcWebApp", "src\OidcWebApp\OidcWebApp.csproj", "{FE0A1A71-DF95-4604-B003-58158FC4C231}"
EndProject
Global
	GlobalSection(SolutionConfigurationPlatforms) = preSolution
		Debug|Any CPU = Debug|Any CPU
		Debug|x64 = Debug|x64
		Debug|x86 = Debug|x86
		Release|Any CPU = Release|Any CPU
		Release|x64 = Release|x64
		Release|x86 = Release|x86
	EndGlobalSection
	GlobalSection(ProjectConfigurationPlatforms) = postSolution
		{FE0A1A71-DF95-4604-B003-58158FC4C231}.Debug|Any CPU.ActiveCfg = Debug|Any CPU
		{FE0A1A71-DF95-4604-B003-58158FC4C231}.Debug|Any CPU.Build.0 = Debug|Any CPU
		{FE0A1A71-DF95-4604-B003-58158FC4C231}.Debug|x64.ActiveCfg = Debug|Any CPU
		{FE0A1A71-DF95-4604-B003-58158FC4C231}.Debug|x64.Build.0 = Debug|Any CPU
		{FE0A1A71-DF95-4604-B003-58158FC4C231}.Debug|x86.ActiveCfg = Debug|Any CPU
		{FE0A1A71-DF95-4604-B003-58158FC4C231}.Debug|x86.Build.0 = Debug|Any CPU
		{FE0A1A71-DF95-4604-B003-58158FC4C231}.Release|Any CPU.ActiveCfg = Release|Any CPU
		{FE0A1A71-DF95-4604-B003-58158FC4C231}.Release|Any CPU.Build.0 = Release|Any CPU
		{FE0A1A71-DF95-4604-B003-58158FC4C231}.Release|x64.ActiveCfg = Release|Any CPU
		{FE0A1A71-DF95-4604-B003-58158FC4C231}.Release|x64.Build.0 = Release|Any CPU
		{FE0A1A71-DF95-4604-B003-58158FC4C231}.Release|x86.ActiveCfg = Release|Any CPU
		{FE0A1A71-DF95-4604-B003-58158FC4C231}.Release|x86.Build.0 = Release|Any CPU
	EndGlobalSection
	GlobalSection(SolutionProperties) = preSolution
		HideSolutionNode = FALSE
	EndGlobalSection
	GlobalSection(NestedProjects) = preSolution
		{FE0A1A71-DF95-4604-B003-58158FC4C231} = {B9E054F5-3EED-4BD8-976B-BDEC731F4F8A}
	EndGlobalSection
	GlobalSection(ExtensibilityGlobals) = postSolution
		SolutionGuid = {03B8E35B-781A-4398-9518-F10C3F8C0506}
	EndGlobalSection
EndGlobal
